// !$*UTF8*$!
{
	archiveVersion = 1;
	classes = {
	};
	objectVersion = 48;
	objects = {

/* Begin PBXBuildFile section */
		77106DE22089CA8F00634D18 /* KeyFrameViewController.swift in Sources */ = {isa = PBXBuildFile; fileRef = 77106DE02089CA8F00634D18 /* KeyFrameViewController.swift */; };
		77106DE32089CA8F00634D18 /* KeyFrameViewController.xib in Resources */ = {isa = PBXBuildFile; fileRef = 77106DE12089CA8F00634D18 /* KeyFrameViewController.xib */; };
		77106DE52089CF6800634D18 /* SnowView.swift in Sources */ = {isa = PBXBuildFile; fileRef = 77106DE42089CF6800634D18 /* SnowView.swift */; };
		77106DE72089CF8700634D18 /* FlightData.swift in Sources */ = {isa = PBXBuildFile; fileRef = 77106DE62089CF8700634D18 /* FlightData.swift */; };
		77106DF02089F30200634D18 /* AppDelegate.swift in Sources */ = {isa = PBXBuildFile; fileRef = 77106DEF2089F30200634D18 /* AppDelegate.swift */; };
		77106DF22089F30200634D18 /* ViewController.swift in Sources */ = {isa = PBXBuildFile; fileRef = 77106DF12089F30200634D18 /* ViewController.swift */; };
		77106DF52089F30200634D18 /* Main.storyboard in Resources */ = {isa = PBXBuildFile; fileRef = 77106DF32089F30200634D18 /* Main.storyboard */; };
		77106DF72089F30500634D18 /* Assets.xcassets in Resources */ = {isa = PBXBuildFile; fileRef = 77106DF62089F30500634D18 /* Assets.xcassets */; };
		77106DFA2089F30500634D18 /* LaunchScreen.storyboard in Resources */ = {isa = PBXBuildFile; fileRef = 77106DF82089F30500634D18 /* LaunchScreen.storyboard */; };
		77106E002089F50100634D18 /* HorizontalItemList.swift in Sources */ = {isa = PBXBuildFile; fileRef = 77106DFF2089F50100634D18 /* HorizontalItemList.swift */; };
		773E75C820902E3A0052759E /* ViewController.swift in Sources */ = {isa = PBXBuildFile; fileRef = 77630E702084B255006B0071 /* ViewController.swift */; };
		773E75C920902E3A0052759E /* FlightData.swift in Sources */ = {isa = PBXBuildFile; fileRef = 77106DE62089CF8700634D18 /* FlightData.swift */; };
		773E75CA20902E3A0052759E /* KeyFrameViewController.swift in Sources */ = {isa = PBXBuildFile; fileRef = 77106DE02089CA8F00634D18 /* KeyFrameViewController.swift */; };
		773E75CB20902E3A0052759E /* AppDelegate.swift in Sources */ = {isa = PBXBuildFile; fileRef = 77630E6E2084B255006B0071 /* AppDelegate.swift */; };
		773E75CC20902E3A0052759E /* SnowView.swift in Sources */ = {isa = PBXBuildFile; fileRef = 77106DE42089CF6800634D18 /* SnowView.swift */; };
		773E75CF20902E3A0052759E /* LaunchScreen.storyboard in Resources */ = {isa = PBXBuildFile; fileRef = 77630E772084B257006B0071 /* LaunchScreen.storyboard */; };
		773E75D020902E3A0052759E /* Assets.xcassets in Resources */ = {isa = PBXBuildFile; fileRef = 77630E752084B257006B0071 /* Assets.xcassets */; };
		773E75D120902E3A0052759E /* KeyFrameViewController.xib in Resources */ = {isa = PBXBuildFile; fileRef = 77106DE12089CA8F00634D18 /* KeyFrameViewController.xib */; };
		773E75D220902E3A0052759E /* Main.storyboard in Resources */ = {isa = PBXBuildFile; fileRef = 77630E722084B255006B0071 /* Main.storyboard */; };
		773E75DB209030BD0052759E /* TargetType.swift in Sources */ = {isa = PBXBuildFile; fileRef = 773E75DA209030BD0052759E /* TargetType.swift */; };
		773E75DD209030CC0052759E /* TargetType.swift in Sources */ = {isa = PBXBuildFile; fileRef = 773E75DC209030CC0052759E /* TargetType.swift */; };
		773E75F02091A0130052759E /* ViewAnimation.swift in Sources */ = {isa = PBXBuildFile; fileRef = 773E75EF2091A0130052759E /* ViewAnimation.swift */; };
		773E75F12091A0130052759E /* ViewAnimation.swift in Sources */ = {isa = PBXBuildFile; fileRef = 773E75EF2091A0130052759E /* ViewAnimation.swift */; };
		773E75F32091A0F60052759E /* LayerAnimation.swift in Sources */ = {isa = PBXBuildFile; fileRef = 773E75F22091A0F60052759E /* LayerAnimation.swift */; };
		773E75F42091A0F60052759E /* LayerAnimation.swift in Sources */ = {isa = PBXBuildFile; fileRef = 773E75F22091A0F60052759E /* LayerAnimation.swift */; };
		77630E6F2084B255006B0071 /* AppDelegate.swift in Sources */ = {isa = PBXBuildFile; fileRef = 77630E6E2084B255006B0071 /* AppDelegate.swift */; };
		77630E712084B255006B0071 /* ViewController.swift in Sources */ = {isa = PBXBuildFile; fileRef = 77630E702084B255006B0071 /* ViewController.swift */; };
		77630E742084B255006B0071 /* Main.storyboard in Resources */ = {isa = PBXBuildFile; fileRef = 77630E722084B255006B0071 /* Main.storyboard */; };
		77630E762084B257006B0071 /* Assets.xcassets in Resources */ = {isa = PBXBuildFile; fileRef = 77630E752084B257006B0071 /* Assets.xcassets */; };
		77630E792084B257006B0071 /* LaunchScreen.storyboard in Resources */ = {isa = PBXBuildFile; fileRef = 77630E772084B257006B0071 /* LaunchScreen.storyboard */; };
/* End PBXBuildFile section */

/* Begin PBXFileReference section */
		77106DE02089CA8F00634D18 /* KeyFrameViewController.swift */ = {isa = PBXFileReference; lastKnownFileType = sourcecode.swift; path = KeyFrameViewController.swift; sourceTree = "<group>"; };
		77106DE12089CA8F00634D18 /* KeyFrameViewController.xib */ = {isa = PBXFileReference; lastKnownFileType = file.xib; path = KeyFrameViewController.xib; sourceTree = "<group>"; };
		77106DE42089CF6800634D18 /* SnowView.swift */ = {isa = PBXFileReference; lastKnownFileType = sourcecode.swift; path = SnowView.swift; sourceTree = "<group>"; };
		77106DE62089CF8700634D18 /* FlightData.swift */ = {isa = PBXFileReference; lastKnownFileType = sourcecode.swift; path = FlightData.swift; sourceTree = "<group>"; };
		77106DED2089F30100634D18 /* Package.app */ = {isa = PBXFileReference; explicitFileType = wrapper.application; includeInIndex = 0; path = Package.app; sourceTree = BUILT_PRODUCTS_DIR; };
		77106DEF2089F30200634D18 /* AppDelegate.swift */ = {isa = PBXFileReference; lastKnownFileType = sourcecode.swift; path = AppDelegate.swift; sourceTree = "<group>"; };
		77106DF12089F30200634D18 /* ViewController.swift */ = {isa = PBXFileReference; lastKnownFileType = sourcecode.swift; path = ViewController.swift; sourceTree = "<group>"; };
		77106DF42089F30200634D18 /* Base */ = {isa = PBXFileReference; lastKnownFileType = file.storyboard; name = Base; path = Base.lproj/Main.storyboard; sourceTree = "<group>"; };
		77106DF62089F30500634D18 /* Assets.xcassets */ = {isa = PBXFileReference; lastKnownFileType = folder.assetcatalog; path = Assets.xcassets; sourceTree = "<group>"; };
		77106DF92089F30500634D18 /* Base */ = {isa = PBXFileReference; lastKnownFileType = file.storyboard; name = Base; path = Base.lproj/LaunchScreen.storyboard; sourceTree = "<group>"; };
		77106DFB2089F30500634D18 /* Info.plist */ = {isa = PBXFileReference; lastKnownFileType = text.plist.xml; path = Info.plist; sourceTree = "<group>"; };
		77106DFF2089F50100634D18 /* HorizontalItemList.swift */ = {isa = PBXFileReference; lastKnownFileType = sourcecode.swift; path = HorizontalItemList.swift; sourceTree = "<group>"; };
		773E75D620902E3A0052759E /* LayerAnimations.app */ = {isa = PBXFileReference; explicitFileType = wrapper.application; includeInIndex = 0; path = LayerAnimations.app; sourceTree = BUILT_PRODUCTS_DIR; };
		773E75D720902E3A0052759E /* Animations_layer.plist */ = {isa = PBXFileReference; lastKnownFileType = text.plist.xml; name = Animations_layer.plist; path = /Users/jeremywang/Downloads/Animations/Animations_layer.plist; sourceTree = "<absolute>"; };
		773E75DA209030BD0052759E /* TargetType.swift */ = {isa = PBXFileReference; lastKnownFileType = sourcecode.swift; path = TargetType.swift; sourceTree = "<group>"; };
		773E75DC209030CC0052759E /* TargetType.swift */ = {isa = PBXFileReference; lastKnownFileType = sourcecode.swift; path = TargetType.swift; sourceTree = "<group>"; };
		773E75EF2091A0130052759E /* ViewAnimation.swift */ = {isa = PBXFileReference; lastKnownFileType = sourcecode.swift; path = ViewAnimation.swift; sourceTree = "<group>"; };
		773E75F22091A0F60052759E /* LayerAnimation.swift */ = {isa = PBXFileReference; lastKnownFileType = sourcecode.swift; path = LayerAnimation.swift; sourceTree = "<group>"; };
		77630E6B2084B255006B0071 /* Animations.app */ = {isa = PBXFileReference; explicitFileType = wrapper.application; includeInIndex = 0; path = Animations.app; sourceTree = BUILT_PRODUCTS_DIR; };
		77630E6E2084B255006B0071 /* AppDelegate.swift */ = {isa = PBXFileReference; lastKnownFileType = sourcecode.swift; path = AppDelegate.swift; sourceTree = "<group>"; };
		77630E702084B255006B0071 /* ViewController.swift */ = {isa = PBXFileReference; lastKnownFileType = sourcecode.swift; path = ViewController.swift; sourceTree = "<group>"; };
		77630E732084B255006B0071 /* Base */ = {isa = PBXFileReference; lastKnownFileType = file.storyboard; name = Base; path = Base.lproj/Main.storyboard; sourceTree = "<group>"; };
		77630E752084B257006B0071 /* Assets.xcassets */ = {isa = PBXFileReference; lastKnownFileType = folder.assetcatalog; path = Assets.xcassets; sourceTree = "<group>"; };
		77630E782084B257006B0071 /* Base */ = {isa = PBXFileReference; lastKnownFileType = file.storyboard; name = Base; path = Base.lproj/LaunchScreen.storyboard; sourceTree = "<group>"; };
		77630E7A2084B257006B0071 /* Info.plist */ = {isa = PBXFileReference; lastKnownFileType = text.plist.xml; path = Info.plist; sourceTree = "<group>"; };
/* End PBXFileReference section */

/* Begin PBXFrameworksBuildPhase section */
		77106DEA2089F30100634D18 /* Frameworks */ = {
			isa = PBXFrameworksBuildPhase;
			buildActionMask = 2147483647;
			files = (
			);
			runOnlyForDeploymentPostprocessing = 0;
		};
		773E75CD20902E3A0052759E /* Frameworks */ = {
			isa = PBXFrameworksBuildPhase;
			buildActionMask = 2147483647;
			files = (
			);
			runOnlyForDeploymentPostprocessing = 0;
		};
		77630E682084B255006B0071 /* Frameworks */ = {
			isa = PBXFrameworksBuildPhase;
			buildActionMask = 2147483647;
			files = (
			);
			runOnlyForDeploymentPostprocessing = 0;
		};
/* End PBXFrameworksBuildPhase section */

/* Begin PBXGroup section */
		77106DE82089D5D100634D18 /* Flight info */ = {
			isa = PBXGroup;
			children = (
				77106DE02089CA8F00634D18 /* KeyFrameViewController.swift */,
				77106DE12089CA8F00634D18 /* KeyFrameViewController.xib */,
				77106DE42089CF6800634D18 /* SnowView.swift */,
				77106DE62089CF8700634D18 /* FlightData.swift */,
			);
			path = "Flight info";
			sourceTree = "<group>";
		};
		77106DEE2089F30200634D18 /* Package */ = {
			isa = PBXGroup;
			children = (
				77106DEF2089F30200634D18 /* AppDelegate.swift */,
				77106DF12089F30200634D18 /* ViewController.swift */,
				77106DFF2089F50100634D18 /* HorizontalItemList.swift */,
				77106DF32089F30200634D18 /* Main.storyboard */,
				77106DF62089F30500634D18 /* Assets.xcassets */,
				77106DF82089F30500634D18 /* LaunchScreen.storyboard */,
				77106DFB2089F30500634D18 /* Info.plist */,
			);
			path = Package;
			sourceTree = "<group>";
		};
		773E75D8209030920052759E /* View Animation */ = {
			isa = PBXGroup;
			children = (
				773E75DA209030BD0052759E /* TargetType.swift */,
			);
			path = "View Animation";
			sourceTree = "<group>";
		};
		773E75D9209030A10052759E /* Layer Animation */ = {
			isa = PBXGroup;
			children = (
				773E75DC209030CC0052759E /* TargetType.swift */,
				773E75D720902E3A0052759E /* Animations_layer.plist */,
			);
			path = "Layer Animation";
			sourceTree = "<group>";
		};
		77630E622084B255006B0071 = {
			isa = PBXGroup;
			children = (
				77630E6D2084B255006B0071 /* Animations */,
				77106DEE2089F30200634D18 /* Package */,
				77630E6C2084B255006B0071 /* Products */,
			);
			sourceTree = "<group>";
		};
		77630E6C2084B255006B0071 /* Products */ = {
			isa = PBXGroup;
			children = (
				77630E6B2084B255006B0071 /* Animations.app */,
				77106DED2089F30100634D18 /* Package.app */,
				773E75D620902E3A0052759E /* LayerAnimations.app */,
			);
			name = Products;
			sourceTree = "<group>";
		};
		77630E6D2084B255006B0071 /* Animations */ = {
			isa = PBXGroup;
			children = (
				773E75D8209030920052759E /* View Animation */,
				773E75D9209030A10052759E /* Layer Animation */,
				77630E6E2084B255006B0071 /* AppDelegate.swift */,
				77106DE82089D5D100634D18 /* Flight info */,
				77630E702084B255006B0071 /* ViewController.swift */,
				773E75EF2091A0130052759E /* ViewAnimation.swift */,
				773E75F22091A0F60052759E /* LayerAnimation.swift */,
				77630E722084B255006B0071 /* Main.storyboard */,
				77630E752084B257006B0071 /* Assets.xcassets */,
				77630E772084B257006B0071 /* LaunchScreen.storyboard */,
				77630E7A2084B257006B0071 /* Info.plist */,
			);
			path = Animations;
			sourceTree = "<group>";
		};
/* End PBXGroup section */

/* Begin PBXNativeTarget section */
		77106DEC2089F30100634D18 /* Package */ = {
			isa = PBXNativeTarget;
			buildConfigurationList = 77106DFC2089F30500634D18 /* Build configuration list for PBXNativeTarget "Package" */;
			buildPhases = (
				77106DE92089F30100634D18 /* Sources */,
				77106DEA2089F30100634D18 /* Frameworks */,
				77106DEB2089F30100634D18 /* Resources */,
			);
			buildRules = (
			);
			dependencies = (
			);
			name = Package;
			productName = Package;
			productReference = 77106DED2089F30100634D18 /* Package.app */;
			productType = "com.apple.product-type.application";
		};
		773E75C620902E3A0052759E /* LayerAnimations */ = {
			isa = PBXNativeTarget;
			buildConfigurationList = 773E75D320902E3A0052759E /* Build configuration list for PBXNativeTarget "LayerAnimations" */;
			buildPhases = (
				773E75C720902E3A0052759E /* Sources */,
				773E75CD20902E3A0052759E /* Frameworks */,
				773E75CE20902E3A0052759E /* Resources */,
			);
			buildRules = (
			);
			dependencies = (
			);
			name = LayerAnimations;
			productName = Animations;
			productReference = 773E75D620902E3A0052759E /* LayerAnimations.app */;
			productType = "com.apple.product-type.application";
		};
		77630E6A2084B255006B0071 /* Animations */ = {
			isa = PBXNativeTarget;
			buildConfigurationList = 77630E7D2084B257006B0071 /* Build configuration list for PBXNativeTarget "Animations" */;
			buildPhases = (
				77630E672084B255006B0071 /* Sources */,
				77630E682084B255006B0071 /* Frameworks */,
				77630E692084B255006B0071 /* Resources */,
			);
			buildRules = (
			);
			dependencies = (
			);
			name = Animations;
			productName = Animations;
			productReference = 77630E6B2084B255006B0071 /* Animations.app */;
			productType = "com.apple.product-type.application";
		};
/* End PBXNativeTarget section */

/* Begin PBXProject section */
		77630E632084B255006B0071 /* Project object */ = {
			isa = PBXProject;
			attributes = {
				LastSwiftUpdateCheck = 0930;
				LastUpgradeCheck = 0930;
				ORGANIZATIONNAME = "Jeremy Wang";
				TargetAttributes = {
					77106DEC2089F30100634D18 = {
						CreatedOnToolsVersion = 9.3;
						ProvisioningStyle = Automatic;
					};
					773E75C620902E3A0052759E = {
						ProvisioningStyle = Automatic;
					};
					77630E6A2084B255006B0071 = {
						CreatedOnToolsVersion = 9.3;
						ProvisioningStyle = Automatic;
					};
				};
			};
			buildConfigurationList = 77630E662084B255006B0071 /* Build configuration list for PBXProject "Animations" */;
			compatibilityVersion = "Xcode 8.0";
			developmentRegion = en;
			hasScannedForEncodings = 0;
			knownRegions = (
				en,
				Base,
			);
			mainGroup = 77630E622084B255006B0071;
			productRefGroup = 77630E6C2084B255006B0071 /* Products */;
			projectDirPath = "";
			projectRoot = "";
			targets = (
				77630E6A2084B255006B0071 /* Animations */,
				77106DEC2089F30100634D18 /* Package */,
				773E75C620902E3A0052759E /* LayerAnimations */,
			);
		};
/* End PBXProject section */

/* Begin PBXResourcesBuildPhase section */
		77106DEB2089F30100634D18 /* Resources */ = {
			isa = PBXResourcesBuildPhase;
			buildActionMask = 2147483647;
			files = (
				77106DFA2089F30500634D18 /* LaunchScreen.storyboard in Resources */,
				77106DF72089F30500634D18 /* Assets.xcassets in Resources */,
				77106DF52089F30200634D18 /* Main.storyboard in Resources */,
			);
			runOnlyForDeploymentPostprocessing = 0;
		};
		773E75CE20902E3A0052759E /* Resources */ = {
			isa = PBXResourcesBuildPhase;
			buildActionMask = 2147483647;
			files = (
				773E75CF20902E3A0052759E /* LaunchScreen.storyboard in Resources */,
				773E75D020902E3A0052759E /* Assets.xcassets in Resources */,
				773E75D120902E3A0052759E /* KeyFrameViewController.xib in Resources */,
				773E75D220902E3A0052759E /* Main.storyboard in Resources */,
			);
			runOnlyForDeploymentPostprocessing = 0;
		};
		77630E692084B255006B0071 /* Resources */ = {
			isa = PBXResourcesBuildPhase;
			buildActionMask = 2147483647;
			files = (
				77630E792084B257006B0071 /* LaunchScreen.storyboard in Resources */,
				77630E762084B257006B0071 /* Assets.xcassets in Resources */,
				77106DE32089CA8F00634D18 /* KeyFrameViewController.xib in Resources */,
				77630E742084B255006B0071 /* Main.storyboard in Resources */,
			);
			runOnlyForDeploymentPostprocessing = 0;
		};
/* End PBXResourcesBuildPhase section */

/* Begin PBXSourcesBuildPhase section */
		77106DE92089F30100634D18 /* Sources */ = {
			isa = PBXSourcesBuildPhase;
			buildActionMask = 2147483647;
			files = (
				77106E002089F50100634D18 /* HorizontalItemList.swift in Sources */,
				77106DF22089F30200634D18 /* ViewController.swift in Sources */,
				77106DF02089F30200634D18 /* AppDelegate.swift in Sources */,
			);
			runOnlyForDeploymentPostprocessing = 0;
		};
		773E75C720902E3A0052759E /* Sources */ = {
			isa = PBXSourcesBuildPhase;
			buildActionMask = 2147483647;
			files = (
				773E75DD209030CC0052759E /* TargetType.swift in Sources */,
				773E75F12091A0130052759E /* ViewAnimation.swift in Sources */,
				773E75C820902E3A0052759E /* ViewController.swift in Sources */,
				773E75F42091A0F60052759E /* LayerAnimation.swift in Sources */,
				773E75C920902E3A0052759E /* FlightData.swift in Sources */,
				773E75CA20902E3A0052759E /* KeyFrameViewController.swift in Sources */,
				773E75CB20902E3A0052759E /* AppDelegate.swift in Sources */,
				773E75CC20902E3A0052759E /* SnowView.swift in Sources */,
			);
			runOnlyForDeploymentPostprocessing = 0;
		};
		77630E672084B255006B0071 /* Sources */ = {
			isa = PBXSourcesBuildPhase;
			buildActionMask = 2147483647;
			files = (
				773E75DB209030BD0052759E /* TargetType.swift in Sources */,
				773E75F02091A0130052759E /* ViewAnimation.swift in Sources */,
				77630E712084B255006B0071 /* ViewController.swift in Sources */,
				773E75F32091A0F60052759E /* LayerAnimation.swift in Sources */,
				77106DE72089CF8700634D18 /* FlightData.swift in Sources */,
				77106DE22089CA8F00634D18 /* KeyFrameViewController.swift in Sources */,
				77630E6F2084B255006B0071 /* AppDelegate.swift in Sources */,
				77106DE52089CF6800634D18 /* SnowView.swift in Sources */,
			);
			runOnlyForDeploymentPostprocessing = 0;
		};
/* End PBXSourcesBuildPhase section */

/* Begin PBXVariantGroup section */
		77106DF32089F30200634D18 /* Main.storyboard */ = {
			isa = PBXVariantGroup;
			children = (
				77106DF42089F30200634D18 /* Base */,
			);
			name = Main.storyboard;
			sourceTree = "<group>";
		};
		77106DF82089F30500634D18 /* LaunchScreen.storyboard */ = {
			isa = PBXVariantGroup;
			children = (
				77106DF92089F30500634D18 /* Base */,
			);
			name = LaunchScreen.storyboard;
			sourceTree = "<group>";
		};
		77630E722084B255006B0071 /* Main.storyboard */ = {
			isa = PBXVariantGroup;
			children = (
				77630E732084B255006B0071 /* Base */,
			);
			name = Main.storyboard;
			sourceTree = "<group>";
		};
		77630E772084B257006B0071 /* LaunchScreen.storyboard */ = {
			isa = PBXVariantGroup;
			children = (
				77630E782084B257006B0071 /* Base */,
			);
			name = LaunchScreen.storyboard;
			sourceTree = "<group>";
		};
/* End PBXVariantGroup section */

/* Begin XCBuildConfiguration section */
		77106DFD2089F30500634D18 /* Debug */ = {
			isa = XCBuildConfiguration;
			buildSettings = {
				ASSETCATALOG_COMPILER_APPICON_NAME = AppIcon;
				CODE_SIGN_STYLE = Automatic;
				DEVELOPMENT_TEAM = 9ZGUBBUP42;
				INFOPLIST_FILE = Package/Info.plist;
				IPHONEOS_DEPLOYMENT_TARGET = 8.0;
				LD_RUNPATH_SEARCH_PATHS = "$(inherited) @executable_path/Frameworks";
				PRODUCT_BUNDLE_IDENTIFIER = MagicTouch.Package;
				PRODUCT_NAME = "$(TARGET_NAME)";
				SWIFT_VERSION = 4.0;
				TARGETED_DEVICE_FAMILY = 1;
			};
			name = Debug;
		};
		77106DFE2089F30500634D18 /* Release */ = {
			isa = XCBuildConfiguration;
			buildSettings = {
				ASSETCATALOG_COMPILER_APPICON_NAME = AppIcon;
				CODE_SIGN_STYLE = Automatic;
				DEVELOPMENT_TEAM = 9ZGUBBUP42;
				INFOPLIST_FILE = Package/Info.plist;
				IPHONEOS_DEPLOYMENT_TARGET = 8.0;
				LD_RUNPATH_SEARCH_PATHS = "$(inherited) @executable_path/Frameworks";
				PRODUCT_BUNDLE_IDENTIFIER = MagicTouch.Package;
				PRODUCT_NAME = "$(TARGET_NAME)";
				SWIFT_VERSION = 4.0;
				TARGETED_DEVICE_FAMILY = 1;
			};
			name = Release;
		};
		773E75D420902E3A0052759E /* Debug */ = {
			isa = XCBuildConfiguration;
			buildSettings = {
				ASSETCATALOG_COMPILER_APPICON_NAME = AppIcon;
				CODE_SIGN_STYLE = Automatic;
				DEVELOPMENT_TEAM = 9ZGUBBUP42;
				INFOPLIST_FILE = Animations_layer.plist;
				IPHONEOS_DEPLOYMENT_TARGET = 8.0;
				LD_RUNPATH_SEARCH_PATHS = "$(inherited) @executable_path/Frameworks";
				"OTHER_CFLAGS[arch=*]" = (
					"-D",
					DEBUG,
				);
				PRODUCT_BUNDLE_IDENTIFIER = MagicTouch.Animations;
				PRODUCT_NAME = "$(TARGET_NAME)";
				SWIFT_VERSION = 4.0;
				TARGETED_DEVICE_FAMILY = 1;
			};
			name = Debug;
		};
		773E75D520902E3A0052759E /* Release */ = {
			isa = XCBuildConfiguration;
			buildSettings = {
				ASSETCATALOG_COMPILER_APPICON_NAME = AppIcon;
				CODE_SIGN_STYLE = Automatic;
				DEVELOPMENT_TEAM = 9ZGUBBUP42;
				INFOPLIST_FILE = Animations_layer.plist;
				IPHONEOS_DEPLOYMENT_TARGET = 8.0;
				LD_RUNPATH_SEARCH_PATHS = "$(inherited) @executable_path/Frameworks";
				PRODUCT_BUNDLE_IDENTIFIER = MagicTouch.Animations;
				PRODUCT_NAME = "$(TARGET_NAME)";
				SWIFT_VERSION = 4.0;
				TARGETED_DEVICE_FAMILY = 1;
			};
			name = Release;
		};
		77630E7B2084B257006B0071 /* Debug */ = {
			isa = XCBuildConfiguration;
			buildSettings = {
				ALWAYS_SEARCH_USER_PATHS = NO;
				CLANG_ANALYZER_NONNULL = YES;
				CLANG_ANALYZER_NUMBER_OBJECT_CONVERSION = YES_AGGRESSIVE;
				CLANG_CXX_LANGUAGE_STANDARD = "gnu++14";
				CLANG_CXX_LIBRARY = "libc++";
				CLANG_ENABLE_MODULES = YES;
				CLANG_ENABLE_OBJC_ARC = YES;
				CLANG_ENABLE_OBJC_WEAK = YES;
				CLANG_WARN_BLOCK_CAPTURE_AUTORELEASING = YES;
				CLANG_WARN_BOOL_CONVERSION = YES;
				CLANG_WARN_COMMA = YES;
				CLANG_WARN_CONSTANT_CONVERSION = YES;
				CLANG_WARN_DEPRECATED_OBJC_IMPLEMENTATIONS = YES;
				CLANG_WARN_DIRECT_OBJC_ISA_USAGE = YES_ERROR;
				CLANG_WARN_DOCUMENTATION_COMMENTS = YES;
				CLANG_WARN_EMPTY_BODY = YES;
				CLANG_WARN_ENUM_CONVERSION = YES;
				CLANG_WARN_INFINITE_RECURSION = YES;
				CLANG_WARN_INT_CONVERSION = YES;
				CLANG_WARN_NON_LITERAL_NULL_CONVERSION = YES;
				CLANG_WARN_OBJC_IMPLICIT_RETAIN_SELF = YES;
				CLANG_WARN_OBJC_LITERAL_CONVERSION = YES;
				CLANG_WARN_OBJC_ROOT_CLASS = YES_ERROR;
				CLANG_WARN_RANGE_LOOP_ANALYSIS = YES;
				CLANG_WARN_STRICT_PROTOTYPES = YES;
				CLANG_WARN_SUSPICIOUS_MOVE = YES;
				CLANG_WARN_UNGUARDED_AVAILABILITY = YES_AGGRESSIVE;
				CLANG_WARN_UNREACHABLE_CODE = YES;
				CLANG_WARN__DUPLICATE_METHOD_MATCH = YES;
				CODE_SIGN_IDENTITY = "iPhone Developer";
				COPY_PHASE_STRIP = NO;
				DEBUG_INFORMATION_FORMAT = dwarf;
				ENABLE_STRICT_OBJC_MSGSEND = YES;
				ENABLE_TESTABILITY = YES;
				GCC_C_LANGUAGE_STANDARD = gnu11;
				GCC_DYNAMIC_NO_PIC = NO;
				GCC_NO_COMMON_BLOCKS = YES;
				GCC_OPTIMIZATION_LEVEL = 0;
				GCC_PREPROCESSOR_DEFINITIONS = (
					"DEBUG=1",
					"$(inherited)",
				);
				GCC_WARN_64_TO_32_BIT_CONVERSION = YES;
				GCC_WARN_ABOUT_RETURN_TYPE = YES_ERROR;
				GCC_WARN_UNDECLARED_SELECTOR = YES;
				GCC_WARN_UNINITIALIZED_AUTOS = YES_AGGRESSIVE;
				GCC_WARN_UNUSED_FUNCTION = YES;
				GCC_WARN_UNUSED_VARIABLE = YES;
				IPHONEOS_DEPLOYMENT_TARGET = 11.3;
				MTL_ENABLE_DEBUG_INFO = YES;
				ONLY_ACTIVE_ARCH = YES;
				SDKROOT = iphoneos;
				SWIFT_ACTIVE_COMPILATION_CONDITIONS = DEBUG;
				SWIFT_OPTIMIZATION_LEVEL = "-Onone";
			};
			name = Debug;
		};
		77630E7C2084B257006B0071 /* Release */ = {
			isa = XCBuildConfiguration;
			buildSettings = {
				ALWAYS_SEARCH_USER_PATHS = NO;
				CLANG_ANALYZER_NONNULL = YES;
				CLANG_ANALYZER_NUMBER_OBJECT_CONVERSION = YES_AGGRESSIVE;
				CLANG_CXX_LANGUAGE_STANDARD = "gnu++14";
				CLANG_CXX_LIBRARY = "libc++";
				CLANG_ENABLE_MODULES = YES;
				CLANG_ENABLE_OBJC_ARC = YES;
				CLANG_ENABLE_OBJC_WEAK = YES;
				CLANG_WARN_BLOCK_CAPTURE_AUTORELEASING = YES;
				CLANG_WARN_BOOL_CONVERSION = YES;
				CLANG_WARN_COMMA = YES;
				CLANG_WARN_CONSTANT_CONVERSION = YES;
				CLANG_WARN_DEPRECATED_OBJC_IMPLEMENTATIONS = YES;
				CLANG_WARN_DIRECT_OBJC_ISA_USAGE = YES_ERROR;
				CLANG_WARN_DOCUMENTATION_COMMENTS = YES;
				CLANG_WARN_EMPTY_BODY = YES;
				CLANG_WARN_ENUM_CONVERSION = YES;
				CLANG_WARN_INFINITE_RECURSION = YES;
				CLANG_WARN_INT_CONVERSION = YES;
				CLANG_WARN_NON_LITERAL_NULL_CONVERSION = YES;
				CLANG_WARN_OBJC_IMPLICIT_RETAIN_SELF = YES;
				CLANG_WARN_OBJC_LITERAL_CONVERSION = YES;
				CLANG_WARN_OBJC_ROOT_CLASS = YES_ERROR;
				CLANG_WARN_RANGE_LOOP_ANALYSIS = YES;
				CLANG_WARN_STRICT_PROTOTYPES = YES;
				CLANG_WARN_SUSPICIOUS_MOVE = YES;
				CLANG_WARN_UNGUARDED_AVAILABILITY = YES_AGGRESSIVE;
				CLANG_WARN_UNREACHABLE_CODE = YES;
				CLANG_WARN__DUPLICATE_METHOD_MATCH = YES;
				CODE_SIGN_IDENTITY = "iPhone Developer";
				COPY_PHASE_STRIP = NO;
				DEBUG_INFORMATION_FORMAT = "dwarf-with-dsym";
				ENABLE_NS_ASSERTIONS = NO;
				ENABLE_STRICT_OBJC_MSGSEND = YES;
				GCC_C_LANGUAGE_STANDARD = gnu11;
				GCC_NO_COMMON_BLOCKS = YES;
				GCC_WARN_64_TO_32_BIT_CONVERSION = YES;
				GCC_WARN_ABOUT_RETURN_TYPE = YES_ERROR;
				GCC_WARN_UNDECLARED_SELECTOR = YES;
				GCC_WARN_UNINITIALIZED_AUTOS = YES_AGGRESSIVE;
				GCC_WARN_UNUSED_FUNCTION = YES;
				GCC_WARN_UNUSED_VARIABLE = YES;
				IPHONEOS_DEPLOYMENT_TARGET = 11.3;
				MTL_ENABLE_DEBUG_INFO = NO;
				SDKROOT = iphoneos;
				SWIFT_OPTIMIZATION_LEVEL = "-Owholemodule";
				VALIDATE_PRODUCT = YES;
			};
			name = Release;
		};
		77630E7E2084B257006B0071 /* Debug */ = {
			isa = XCBuildConfiguration;
			buildSettings = {
				ASSETCATALOG_COMPILER_APPICON_NAME = AppIcon;
				CODE_SIGN_STYLE = Automatic;
				DEVELOPMENT_TEAM = 9ZGUBBUP42;
				INFOPLIST_FILE = Animations/Info.plist;
				IPHONEOS_DEPLOYMENT_TARGET = 8.0;
				LD_RUNPATH_SEARCH_PATHS = "$(inherited) @executable_path/Frameworks";
				PRODUCT_BUNDLE_IDENTIFIER = MagicTouch.Animations;
				PRODUCT_NAME = "$(TARGET_NAME)";
				SWIFT_VERSION = 4.0;
				TARGETED_DEVICE_FAMILY = 1;
			};
			name = Debug;
		};
		77630E7F2084B257006B0071 /* Release */ = {
			isa = XCBuildConfiguration;
			buildSettings = {
				ASSETCATALOG_COMPILER_APPICON_NAME = AppIcon;
				CODE_SIGN_STYLE = Automatic;
				DEVELOPMENT_TEAM = 9ZGUBBUP42;
				INFOPLIST_FILE = Animations/Info.plist;
				IPHONEOS_DEPLOYMENT_TARGET = 8.0;
				LD_RUNPATH_SEARCH_PATHS = "$(inherited) @executable_path/Frameworks";
				PRODUCT_BUNDLE_IDENTIFIER = MagicTouch.Animations;
				PRODUCT_NAME = "$(TARGET_NAME)";
				SWIFT_VERSION = 4.0;
				TARGETED_DEVICE_FAMILY = 1;
			};
			name = Release;
		};
/* End XCBuildConfiguration section */

/* Begin XCConfigurationList section */
		77106DFC2089F30500634D18 /* Build configuration list for PBXNativeTarget "Package" */ = {
			isa = XCConfigurationList;
			buildConfigurations = (
				77106DFD2089F30500634D18 /* Debug */,
				77106DFE2089F30500634D18 /* Release */,
			);
			defaultConfigurationIsVisible = 0;
			defaultConfigurationName = Release;
		};
		773E75D320902E3A0052759E /* Build configuration list for PBXNativeTarget "LayerAnimations" */ = {
			isa = XCConfigurationList;
			buildConfigurations = (
				773E75D420902E3A0052759E /* Debug */,
				773E75D520902E3A0052759E /* Release */,
			);
			defaultConfigurationIsVisible = 0;
			defaultConfigurationName = Release;
		};
		77630E662084B255006B0071 /* Build configuration list for PBXProject "Animations" */ = {
			isa = XCConfigurationList;
			buildConfigurations = (
				77630E7B2084B257006B0071 /* Debug */,
				77630E7C2084B257006B0071 /* Release */,
			);
			defaultConfigurationIsVisible = 0;
			defaultConfigurationName = Release;
		};
		77630E7D2084B257006B0071 /* Build configuration list for PBXNativeTarget "Animations" */ = {
			isa = XCConfigurationList;
			buildConfigurations = (
				77630E7E2084B257006B0071 /* Debug */,
				77630E7F2084B257006B0071 /* Release */,
			);
			defaultConfigurationIsVisible = 0;
			defaultConfigurationName = Release;
		};
/* End XCConfigurationList section */
	};
	rootObject = 77630E632084B255006B0071 /* Project object */;
}
